// !$*UTF8*$!
{
	archiveVersion = 1;
	classes = {
	};
	objectVersion = 46;
	objects = {

/* Begin PBXAggregateTarget section */
		5370790F16AFC06A004FFD09 /* All */ = {
			isa = PBXAggregateTarget;
			buildConfigurationList = 5370791016AFC06A004FFD09 /* Build configuration list for PBXAggregateTarget "All" */;
			buildPhases = (
				53981D2A16AFFB5C00ED88AA /* ShellScript */,
			);
			dependencies = (
				5370791816AFC07D004FFD09 /* PBXTargetDependency */,
				5370791A16AFC07F004FFD09 /* PBXTargetDependency */,
				5370791416AFC072004FFD09 /* PBXTargetDependency */,
				53A0CF3A16AFC58000B74AC1 /* PBXTargetDependency */,
				53795B8B17421B90001811B6 /* PBXTargetDependency */,
				53795B8D17421B92001811B6 /* PBXTargetDependency */,
				5370791616AFC073004FFD09 /* PBXTargetDependency */,
			);
			name = All;
			productName = All;
		};
/* End PBXAggregateTarget section */

/* Begin PBXBuildFile section */
		537078CD16AFB2FA004FFD09 /* SLSparsePls.cpp in Sources */ = {isa = PBXBuildFile; fileRef = 53832810168D7E4E00E3B48F /* SLSparsePls.cpp */; };
		537078CE16AFB2FF004FFD09 /* SLGspan.cpp in Sources */ = {isa = PBXBuildFile; fileRef = 53C09381168DBB5D00A0ADC1 /* SLGspan.cpp */; };
		537078F116AFB722004FFD09 /* Graph.cpp in Sources */ = {isa = PBXBuildFile; fileRef = 53B5D64C169730DD00AE0523 /* Graph.cpp */; };
		537078F216AFB725004FFD09 /* Dfs.cpp in Sources */ = {isa = PBXBuildFile; fileRef = 53B5D64F169731C900AE0523 /* Dfs.cpp */; };
		537078F316AFB728004FFD09 /* Utility.cpp in Sources */ = {isa = PBXBuildFile; fileRef = 53B5D652169733FC00AE0523 /* Utility.cpp */; };
		53795B7B17421B5C001811B6 /* libglp.dylib in Frameworks */ = {isa = PBXBuildFile; fileRef = 537078BC16AFA7C7004FFD09 /* libglp.dylib */; };
		53795B8E17421B9D001811B6 /* gspan.cpp in Sources */ = {isa = PBXBuildFile; fileRef = 53795B54174219DD001811B6 /* gspan.cpp */; };
		53795B8F17421BA2001811B6 /* gspan.cpp in Sources */ = {isa = PBXBuildFile; fileRef = 53795B54174219DD001811B6 /* gspan.cpp */; };
		53A0783F18FA7BE000F73E4E /* gspan_pls.cpp in Sources */ = {isa = PBXBuildFile; fileRef = 53A0782F18FA7B9C00F73E4E /* gspan_pls.cpp */; };
		53A0CF2A16AFC4EC00B74AC1 /* libglp.dylib in Frameworks */ = {isa = PBXBuildFile; fileRef = 537078BC16AFA7C7004FFD09 /* libglp.dylib */; };
		53A0CF2B16AFC4F100B74AC1 /* libglp.dylib in Frameworks */ = {isa = PBXBuildFile; fileRef = 537078BC16AFA7C7004FFD09 /* libglp.dylib */; };
		53A0CF3016AFC4FD00B74AC1 /* gspls.cpp in Sources */ = {isa = PBXBuildFile; fileRef = 53C09387168DDEA500A0ADC1 /* gspls.cpp */; };
		53C09388168DDEA500A0ADC1 /* gspls.cpp in Sources */ = {isa = PBXBuildFile; fileRef = 53C09387168DDEA500A0ADC1 /* gspls.cpp */; };
		53E4CCF2173EA94D00C0F204 /* SLSparsePls.cpp in Sources */ = {isa = PBXBuildFile; fileRef = 53832810168D7E4E00E3B48F /* SLSparsePls.cpp */; };
		53E4CCF3173EA94D00C0F204 /* Graph.cpp in Sources */ = {isa = PBXBuildFile; fileRef = 53B5D64C169730DD00AE0523 /* Graph.cpp */; };
		53E4CCF4173EA94D00C0F204 /* Dfs.cpp in Sources */ = {isa = PBXBuildFile; fileRef = 53B5D64F169731C900AE0523 /* Dfs.cpp */; };
		53E4CCF5173EA94D00C0F204 /* Utility.cpp in Sources */ = {isa = PBXBuildFile; fileRef = 53B5D652169733FC00AE0523 /* Utility.cpp */; };
		53E4CCF6173EA94D00C0F204 /* SLGspan.cpp in Sources */ = {isa = PBXBuildFile; fileRef = 53C09381168DBB5D00A0ADC1 /* SLGspan.cpp */; };
		53EDCB1316995691006170CE /* SparsePlsTest.cpp in Sources */ = {isa = PBXBuildFile; fileRef = 53388A231690B03000AF9E5E /* SparsePlsTest.cpp */; };
		53FF08D41741526400859543 /* SLModelStrategy.cpp in Sources */ = {isa = PBXBuildFile; fileRef = 53FF08D31741526400859543 /* SLModelStrategy.cpp */; };
		53FF08D51741526400859543 /* SLModelStrategy.cpp in Sources */ = {isa = PBXBuildFile; fileRef = 53FF08D31741526400859543 /* SLModelStrategy.cpp */; };
/* End PBXBuildFile section */

/* Begin PBXContainerItemProxy section */
		5370791316AFC072004FFD09 /* PBXContainerItemProxy */ = {
			isa = PBXContainerItemProxy;
			containerPortal = 537123381683288A00B47D4E /* Project object */;
			proxyType = 1;
			remoteGlobalIDString = 537123401683288A00B47D4E;
			remoteInfo = gspls;
		};
		5370791516AFC073004FFD09 /* PBXContainerItemProxy */ = {
			isa = PBXContainerItemProxy;
			containerPortal = 537123381683288A00B47D4E /* Project object */;
			proxyType = 1;
			remoteGlobalIDString = 53388A291690B0D500AF9E5E;
			remoteInfo = SparsePls;
		};
		5370791716AFC07D004FFD09 /* PBXContainerItemProxy */ = {
			isa = PBXContainerItemProxy;
			containerPortal = 537123381683288A00B47D4E /* Project object */;
			proxyType = 1;
			remoteGlobalIDString = 537078BB16AFA7C7004FFD09;
			remoteInfo = glp;
		};
		5370791916AFC07F004FFD09 /* PBXContainerItemProxy */ = {
			isa = PBXContainerItemProxy;
			containerPortal = 537123381683288A00B47D4E /* Project object */;
			proxyType = 1;
			remoteGlobalIDString = 537078C416AFA7DD004FFD09;
			remoteInfo = glp_static;
		};
		5370791B16AFC1AE004FFD09 /* PBXContainerItemProxy */ = {
			isa = PBXContainerItemProxy;
			containerPortal = 537123381683288A00B47D4E /* Project object */;
			proxyType = 1;
			remoteGlobalIDString = 537078BB16AFA7C7004FFD09;
			remoteInfo = glp;
		};
		5370791D16AFC1B0004FFD09 /* PBXContainerItemProxy */ = {
			isa = PBXContainerItemProxy;
			containerPortal = 537123381683288A00B47D4E /* Project object */;
			proxyType = 1;
			remoteGlobalIDString = 537078BB16AFA7C7004FFD09;
			remoteInfo = glp;
		};
		5370791F16AFC1C7004FFD09 /* PBXContainerItemProxy */ = {
			isa = PBXContainerItemProxy;
			containerPortal = 537123381683288A00B47D4E /* Project object */;
			proxyType = 1;
			remoteGlobalIDString = 537078BB16AFA7C7004FFD09;
			remoteInfo = glp;
		};
		53795B7717421B5C001811B6 /* PBXContainerItemProxy */ = {
			isa = PBXContainerItemProxy;
			containerPortal = 537123381683288A00B47D4E /* Project object */;
			proxyType = 1;
			remoteGlobalIDString = 537078BB16AFA7C7004FFD09;
			remoteInfo = glp;
		};
		53795B8A17421B90001811B6 /* PBXContainerItemProxy */ = {
			isa = PBXContainerItemProxy;
			containerPortal = 537123381683288A00B47D4E /* Project object */;
			proxyType = 1;
			remoteGlobalIDString = 53795B7517421B5C001811B6;
			remoteInfo = gspan;
		};
		53795B8C17421B92001811B6 /* PBXContainerItemProxy */ = {
			isa = PBXContainerItemProxy;
			containerPortal = 537123381683288A00B47D4E /* Project object */;
			proxyType = 1;
			remoteGlobalIDString = 53795B8017421B5F001811B6;
			remoteInfo = gspan_static;
		};
		53795B9017421BB3001811B6 /* PBXContainerItemProxy */ = {
			isa = PBXContainerItemProxy;
			containerPortal = 537123381683288A00B47D4E /* Project object */;
			proxyType = 1;
			remoteGlobalIDString = 537078C416AFA7DD004FFD09;
			remoteInfo = glp_static;
		};
		53795B9217421BB7001811B6 /* PBXContainerItemProxy */ = {
			isa = PBXContainerItemProxy;
			containerPortal = 537123381683288A00B47D4E /* Project object */;
			proxyType = 1;
			remoteGlobalIDString = 537078C416AFA7DD004FFD09;
			remoteInfo = glp_static;
		};
		53A0783718FA7BCB00F73E4E /* PBXContainerItemProxy */ = {
			isa = PBXContainerItemProxy;
			containerPortal = 537123381683288A00B47D4E /* Project object */;
			proxyType = 1;
			remoteGlobalIDString = 537078C416AFA7DD004FFD09;
			remoteInfo = glp_static;
		};
		53A0CF3916AFC58000B74AC1 /* PBXContainerItemProxy */ = {
			isa = PBXContainerItemProxy;
			containerPortal = 537123381683288A00B47D4E /* Project object */;
			proxyType = 1;
			remoteGlobalIDString = 53A0CF2C16AFC4FD00B74AC1;
			remoteInfo = gspls_static;
		};
/* End PBXContainerItemProxy section */

/* Begin PBXFileReference section */
		53317438168D9764005305C8 /* SLGlpFactory.h */ = {isa = PBXFileReference; fileEncoding = 4; lastKnownFileType = sourcecode.c.h; name = SLGlpFactory.h; path = Classes/Factory/SLGlpFactory.h; sourceTree = "<group>"; };
		5331743E168D9861005305C8 /* SLGraphMining.h */ = {isa = PBXFileReference; fileEncoding = 4; lastKnownFileType = sourcecode.c.h; name = SLGraphMining.h; path = Classes/GraphMining/SLGraphMining.h; sourceTree = "<group>"; };
		53317441168D987B005305C8 /* SLGraphMiningStrategy.h */ = {isa = PBXFileReference; fileEncoding = 4; lastKnownFileType = sourcecode.c.h; name = SLGraphMiningStrategy.h; path = Classes/GraphMining/SLGraphMiningStrategy.h; sourceTree = "<group>"; };
		53388A231690B03000AF9E5E /* SparsePlsTest.cpp */ = {isa = PBXFileReference; fileEncoding = 4; lastKnownFileType = sourcecode.cpp.cpp; name = SparsePlsTest.cpp; path = Test/SparsePlsTest.cpp; sourceTree = "<group>"; };
		53388A2A1690B0D500AF9E5E /* SparsePlsTest */ = {isa = PBXFileReference; explicitFileType = "compiled.mach-o.executable"; includeInIndex = 0; path = SparsePlsTest; sourceTree = BUILT_PRODUCTS_DIR; };
		534B785C16AF439E006721F6 /* CMakeLists.txt */ = {isa = PBXFileReference; lastKnownFileType = text; name = CMakeLists.txt; path = Classes/CMakeLists.txt; sourceTree = "<group>"; };
		534B785E16AF43B2006721F6 /* CMakeLists.txt */ = {isa = PBXFileReference; lastKnownFileType = text; path = CMakeLists.txt; sourceTree = "<group>"; };
		534B786016AF43B2006721F6 /* FindEigen3.cmake */ = {isa = PBXFileReference; lastKnownFileType = text; path = FindEigen3.cmake; sourceTree = "<group>"; };
		534B786116AF43BE006721F6 /* CMakeLists.txt */ = {isa = PBXFileReference; fileEncoding = 4; lastKnownFileType = text; name = CMakeLists.txt; path = Examples/CMakeLists.txt; sourceTree = "<group>"; };
		534B786216AF43C9006721F6 /* CMakeLists.txt */ = {isa = PBXFileReference; lastKnownFileType = text; name = CMakeLists.txt; path = Test/CMakeLists.txt; sourceTree = "<group>"; };
		534C164D173E75480085C295 /* headfiles.sh */ = {isa = PBXFileReference; fileEncoding = 4; lastKnownFileType = text.script.sh; path = headfiles.sh; sourceTree = "<group>"; };
		534F58381696F29300D2C3D3 /* SLCrossValidationResultHistory.h */ = {isa = PBXFileReference; lastKnownFileType = sourcecode.c.h; name = SLCrossValidationResultHistory.h; path = Classes/Utilities/SLCrossValidationResultHistory.h; sourceTree = "<group>"; };
		53578E04168D69AD002668D3 /* SLModelStrategy.h */ = {isa = PBXFileReference; fileEncoding = 4; lastKnownFileType = sourcecode.c.h; name = SLModelStrategy.h; path = Classes/Models/SLModelStrategy.h; sourceTree = "<group>"; };
		53578E05168D69AD002668D3 /* SLSparsePls.h */ = {isa = PBXFileReference; fileEncoding = 4; lastKnownFileType = sourcecode.c.h; name = SLSparsePls.h; path = Classes/Models/SLSparsePls.h; sourceTree = "<group>"; };
		53578E07168D69B9002668D3 /* MatrixExt.h */ = {isa = PBXFileReference; fileEncoding = 4; lastKnownFileType = sourcecode.c.h; name = MatrixExt.h; path = Classes/Extensions/MatrixExt.h; sourceTree = "<group>"; };
		53578E09168D69CB002668D3 /* SLGlp.h */ = {isa = PBXFileReference; fileEncoding = 4; lastKnownFileType = sourcecode.c.h; name = SLGlp.h; path = Classes/SLGlp.h; sourceTree = "<group>"; };
		536D3AEF16D55E910086DCE9 /* SLGlpProduct.h */ = {isa = PBXFileReference; fileEncoding = 4; lastKnownFileType = sourcecode.c.h; name = SLGlpProduct.h; path = Classes/Factory/SLGlpProduct.h; sourceTree = "<group>"; };
		536D3AF016D55F820086DCE9 /* SLCrossValidationResults.h */ = {isa = PBXFileReference; fileEncoding = 4; lastKnownFileType = sourcecode.c.h; name = SLCrossValidationResults.h; path = Classes/Utilities/SLCrossValidationResults.h; sourceTree = "<group>"; };
		536D3AF216D55FF00086DCE9 /* SLCrossValidation.h */ = {isa = PBXFileReference; fileEncoding = 4; lastKnownFileType = sourcecode.c.h; name = SLCrossValidation.h; path = Classes/Utilities/SLCrossValidation.h; sourceTree = "<group>"; };
		537078BC16AFA7C7004FFD09 /* libglp.dylib */ = {isa = PBXFileReference; explicitFileType = "compiled.mach-o.dylib"; includeInIndex = 0; path = libglp.dylib; sourceTree = BUILT_PRODUCTS_DIR; };
		537078C516AFA7DD004FFD09 /* libglp.a */ = {isa = PBXFileReference; explicitFileType = archive.ar; includeInIndex = 0; path = libglp.a; sourceTree = BUILT_PRODUCTS_DIR; };
		537123411683288A00B47D4E /* gspls */ = {isa = PBXFileReference; explicitFileType = "compiled.mach-o.executable"; includeInIndex = 0; path = gspls; sourceTree = BUILT_PRODUCTS_DIR; };
		5371237E16833C2D00B47D4E /* README.md */ = {isa = PBXFileReference; fileEncoding = 4; lastKnownFileType = text; path = README.md; sourceTree = SOURCE_ROOT; };
		53795B54174219DD001811B6 /* gspan.cpp */ = {isa = PBXFileReference; lastKnownFileType = sourcecode.cpp.cpp; name = gspan.cpp; path = Examples/gspan.cpp; sourceTree = "<group>"; };
		53795B7F17421B5C001811B6 /* gspan */ = {isa = PBXFileReference; explicitFileType = "compiled.mach-o.executable"; includeInIndex = 0; path = gspan; sourceTree = BUILT_PRODUCTS_DIR; };
		53795B8917421B5F001811B6 /* gspan_static */ = {isa = PBXFileReference; explicitFileType = "compiled.mach-o.executable"; includeInIndex = 0; path = gspan_static; sourceTree = BUILT_PRODUCTS_DIR; };
		53832802168D6CEF00E3B48F /* SLUtility.h */ = {isa = PBXFileReference; lastKnownFileType = sourcecode.c.h; name = SLUtility.h; path = Classes/SLUtility.h; sourceTree = "<group>"; };
		53832809168D767F00E3B48F /* SLModel.h */ = {isa = PBXFileReference; fileEncoding = 4; lastKnownFileType = sourcecode.c.h; name = SLModel.h; path = Classes/Models/SLModel.h; sourceTree = "<group>"; };
		53832810168D7E4E00E3B48F /* SLSparsePls.cpp */ = {isa = PBXFileReference; fileEncoding = 4; lastKnownFileType = sourcecode.cpp.cpp; name = SLSparsePls.cpp; path = Classes/Models/SLSparsePls.cpp; sourceTree = "<group>"; };
		53A0782F18FA7B9C00F73E4E /* gspan_pls.cpp */ = {isa = PBXFileReference; fileEncoding = 4; lastKnownFileType = sourcecode.cpp.cpp; name = gspan_pls.cpp; path = Examples/gspan_pls.cpp; sourceTree = "<group>"; };
		53A0783E18FA7BCB00F73E4E /* gspan_pls_static */ = {isa = PBXFileReference; explicitFileType = "compiled.mach-o.executable"; includeInIndex = 0; path = gspan_pls_static; sourceTree = BUILT_PRODUCTS_DIR; };
		53A0CF3616AFC4FD00B74AC1 /* gspls_static */ = {isa = PBXFileReference; explicitFileType = "compiled.mach-o.executable"; includeInIndex = 0; path = gspls_static; sourceTree = BUILT_PRODUCTS_DIR; };
		53B5D6451697251800AE0523 /* Graph.h */ = {isa = PBXFileReference; lastKnownFileType = sourcecode.c.h; name = Graph.h; path = Classes/GraphMining/Gspan/Graph.h; sourceTree = "<group>"; };
		53B5D6461697271900AE0523 /* Dfs.h */ = {isa = PBXFileReference; lastKnownFileType = sourcecode.c.h; name = Dfs.h; path = Classes/GraphMining/Gspan/Dfs.h; sourceTree = "<group>"; };
		53B5D64716972B5900AE0523 /* tree.hh */ = {isa = PBXFileReference; fileEncoding = 4; lastKnownFileType = sourcecode.cpp.h; name = tree.hh; path = Classes/GraphMining/Gspan/tree.hh; sourceTree = "<group>"; };
		53B5D64C169730DD00AE0523 /* Graph.cpp */ = {isa = PBXFileReference; fileEncoding = 4; lastKnownFileType = sourcecode.cpp.cpp; name = Graph.cpp; path = Classes/GraphMining/Gspan/Graph.cpp; sourceTree = "<group>"; };
		53B5D64F169731C900AE0523 /* Dfs.cpp */ = {isa = PBXFileReference; fileEncoding = 4; lastKnownFileType = sourcecode.cpp.cpp; name = Dfs.cpp; path = Classes/GraphMining/Gspan/Dfs.cpp; sourceTree = "<group>"; };
		53B5D652169733FC00AE0523 /* Utility.cpp */ = {isa = PBXFileReference; fileEncoding = 4; lastKnownFileType = sourcecode.cpp.cpp; name = Utility.cpp; path = Classes/GraphMining/Gspan/Utility.cpp; sourceTree = "<group>"; };
		53B5D653169733FC00AE0523 /* Utility.h */ = {isa = PBXFileReference; fileEncoding = 4; lastKnownFileType = sourcecode.c.h; name = Utility.h; path = Classes/GraphMining/Gspan/Utility.h; sourceTree = "<group>"; };
		53C09381168DBB5D00A0ADC1 /* SLGspan.cpp */ = {isa = PBXFileReference; fileEncoding = 4; lastKnownFileType = sourcecode.cpp.cpp; name = SLGspan.cpp; path = Classes/GraphMining/SLGspan.cpp; sourceTree = "<group>"; };
		53C09382168DBB5D00A0ADC1 /* SLGspan.h */ = {isa = PBXFileReference; fileEncoding = 4; lastKnownFileType = sourcecode.c.h; name = SLGspan.h; path = Classes/GraphMining/SLGspan.h; sourceTree = "<group>"; };
		53C09387168DDEA500A0ADC1 /* gspls.cpp */ = {isa = PBXFileReference; fileEncoding = 4; lastKnownFileType = sourcecode.cpp.cpp; name = gspls.cpp; path = Examples/gspls.cpp; sourceTree = "<group>"; };
		53CFE23517406DAC00989250 /* GspanTest.cpp */ = {isa = PBXFileReference; lastKnownFileType = sourcecode.cpp.cpp; name = GspanTest.cpp; path = Test/GspanTest.cpp; sourceTree = "<group>"; };
		53F3156F16A4A7550056C3A9 /* Makefile */ = {isa = PBXFileReference; fileEncoding = 4; lastKnownFileType = sourcecode.make; path = Makefile; sourceTree = SOURCE_ROOT; };
		53FF08D31741526400859543 /* SLModelStrategy.cpp */ = {isa = PBXFileReference; fileEncoding = 4; lastKnownFileType = sourcecode.cpp.cpp; name = SLModelStrategy.cpp; path = Classes/Models/SLModelStrategy.cpp; sourceTree = "<group>"; };
/* End PBXFileReference section */

/* Begin PBXFrameworksBuildPhase section */
		53388A271690B0D500AF9E5E /* Frameworks */ = {
			isa = PBXFrameworksBuildPhase;
			buildActionMask = 2147483647;
			files = (
				53A0CF2B16AFC4F100B74AC1 /* libglp.dylib in Frameworks */,
			);
			runOnlyForDeploymentPostprocessing = 0;
		};
		537078B916AFA7C7004FFD09 /* Frameworks */ = {
			isa = PBXFrameworksBuildPhase;
			buildActionMask = 2147483647;
			files = (
			);
			runOnlyForDeploymentPostprocessing = 0;
		};
		537078C216AFA7DD004FFD09 /* Frameworks */ = {
			isa = PBXFrameworksBuildPhase;
			buildActionMask = 2147483647;
			files = (
			);
			runOnlyForDeploymentPostprocessing = 0;
		};
		5371233E1683288A00B47D4E /* Frameworks */ = {
			isa = PBXFrameworksBuildPhase;
			buildActionMask = 2147483647;
			files = (
				53A0CF2A16AFC4EC00B74AC1 /* libglp.dylib in Frameworks */,
			);
			runOnlyForDeploymentPostprocessing = 0;
		};
		53795B7A17421B5C001811B6 /* Frameworks */ = {
			isa = PBXFrameworksBuildPhase;
			buildActionMask = 2147483647;
			files = (
				53795B7B17421B5C001811B6 /* libglp.dylib in Frameworks */,
			);
			runOnlyForDeploymentPostprocessing = 0;
		};
		53795B8517421B5F001811B6 /* Frameworks */ = {
			isa = PBXFrameworksBuildPhase;
			buildActionMask = 2147483647;
			files = (
			);
			runOnlyForDeploymentPostprocessing = 0;
		};
		53A0783A18FA7BCB00F73E4E /* Frameworks */ = {
			isa = PBXFrameworksBuildPhase;
			buildActionMask = 2147483647;
			files = (
			);
			runOnlyForDeploymentPostprocessing = 0;
		};
		53A0CF3116AFC4FD00B74AC1 /* Frameworks */ = {
			isa = PBXFrameworksBuildPhase;
			buildActionMask = 2147483647;
			files = (
			);
			runOnlyForDeploymentPostprocessing = 0;
		};
/* End PBXFrameworksBuildPhase section */

/* Begin PBXGroup section */
		53388A211690AFE600AF9E5E /* Test */ = {
			isa = PBXGroup;
			children = (
				534B786216AF43C9006721F6 /* CMakeLists.txt */,
				53388A231690B03000AF9E5E /* SparsePlsTest.cpp */,
				53CFE23517406DAC00989250 /* GspanTest.cpp */,
			);
			name = Test;
			sourceTree = "<group>";
		};
		53578DF5168D67FC002668D3 /* Factory */ = {
			isa = PBXGroup;
			children = (
				536D3AEF16D55E910086DCE9 /* SLGlpProduct.h */,
				53317438168D9764005305C8 /* SLGlpFactory.h */,
			);
			name = Factory;
			sourceTree = "<group>";
		};
		53578DF9168D691B002668D3 /* Classes */ = {
			isa = PBXGroup;
			children = (
				534B785C16AF439E006721F6 /* CMakeLists.txt */,
				53578E09168D69CB002668D3 /* SLGlp.h */,
				53832802168D6CEF00E3B48F /* SLUtility.h */,
				53FC1E2F16942D5100F3FD58 /* Utilities */,
				53578DF5168D67FC002668D3 /* Factory */,
				5371234F168328CA00B47D4E /* Models */,
				5371234E168328B600B47D4E /* GraphMining */,
				537123511683294D00B47D4E /* Extensions */,
			);
			name = Classes;
			sourceTree = "<group>";
		};
		53578DFA168D6922002668D3 /* Examples */ = {
			isa = PBXGroup;
			children = (
				534B786116AF43BE006721F6 /* CMakeLists.txt */,
				53C09387168DDEA500A0ADC1 /* gspls.cpp */,
				53795B54174219DD001811B6 /* gspan.cpp */,
				53A0782F18FA7B9C00F73E4E /* gspan_pls.cpp */,
			);
			name = Examples;
			sourceTree = "<group>";
		};
		5370790316AFB980004FFD09 /* Resources */ = {
			isa = PBXGroup;
			children = (
			);
			name = Resources;
			sourceTree = "<group>";
		};
		537123361683288A00B47D4E = {
			isa = PBXGroup;
			children = (
				537123441683288A00B47D4E /* GLP */,
				5371237E16833C2D00B47D4E /* README.md */,
				53F3156F16A4A7550056C3A9 /* Makefile */,
				5370790316AFB980004FFD09 /* Resources */,
				537123421683288A00B47D4E /* Products */,
			);
			sourceTree = "<group>";
		};
		537123421683288A00B47D4E /* Products */ = {
			isa = PBXGroup;
			children = (
				537123411683288A00B47D4E /* gspls */,
				53388A2A1690B0D500AF9E5E /* SparsePlsTest */,
				537078BC16AFA7C7004FFD09 /* libglp.dylib */,
				537078C516AFA7DD004FFD09 /* libglp.a */,
				53A0CF3616AFC4FD00B74AC1 /* gspls_static */,
				53795B7F17421B5C001811B6 /* gspan */,
				53795B8917421B5F001811B6 /* gspan_static */,
				53A0783E18FA7BCB00F73E4E /* gspan_pls_static */,
			);
			name = Products;
			sourceTree = "<group>";
		};
		537123441683288A00B47D4E /* GLP */ = {
			isa = PBXGroup;
			children = (
				534B785E16AF43B2006721F6 /* CMakeLists.txt */,
				534B786016AF43B2006721F6 /* FindEigen3.cmake */,
				534C164D173E75480085C295 /* headfiles.sh */,
				53578DF9168D691B002668D3 /* Classes */,
				53578DFA168D6922002668D3 /* Examples */,
				53388A211690AFE600AF9E5E /* Test */,
			);
			path = GLP;
			sourceTree = "<group>";
		};
		5371234E168328B600B47D4E /* GraphMining */ = {
			isa = PBXGroup;
			children = (
				53832813168D7F8500E3B48F /* Concrete */,
				5331743E168D9861005305C8 /* SLGraphMining.h */,
				53317441168D987B005305C8 /* SLGraphMiningStrategy.h */,
			);
			name = GraphMining;
			sourceTree = "<group>";
		};
		5371234F168328CA00B47D4E /* Models */ = {
			isa = PBXGroup;
			children = (
				53832812168D7F6200E3B48F /* Concrete */,
				53832809168D767F00E3B48F /* SLModel.h */,
				53578E04168D69AD002668D3 /* SLModelStrategy.h */,
				53FF08D31741526400859543 /* SLModelStrategy.cpp */,
			);
			name = Models;
			sourceTree = "<group>";
		};
		537123511683294D00B47D4E /* Extensions */ = {
			isa = PBXGroup;
			children = (
				53578E07168D69B9002668D3 /* MatrixExt.h */,
			);
			name = Extensions;
			sourceTree = "<group>";
		};
		53832812168D7F6200E3B48F /* Concrete */ = {
			isa = PBXGroup;
			children = (
				53578E05168D69AD002668D3 /* SLSparsePls.h */,
				53832810168D7E4E00E3B48F /* SLSparsePls.cpp */,
			);
			name = Concrete;
			sourceTree = "<group>";
		};
		53832813168D7F8500E3B48F /* Concrete */ = {
			isa = PBXGroup;
			children = (
				53B5D6431697245F00AE0523 /* Gspan */,
				53C09382168DBB5D00A0ADC1 /* SLGspan.h */,
				53C09381168DBB5D00A0ADC1 /* SLGspan.cpp */,
			);
			name = Concrete;
			sourceTree = "<group>";
		};
		53B5D6431697245F00AE0523 /* Gspan */ = {
			isa = PBXGroup;
			children = (
				53B5D6451697251800AE0523 /* Graph.h */,
				53B5D64C169730DD00AE0523 /* Graph.cpp */,
				53B5D6461697271900AE0523 /* Dfs.h */,
				53B5D64F169731C900AE0523 /* Dfs.cpp */,
				53B5D653169733FC00AE0523 /* Utility.h */,
				53B5D652169733FC00AE0523 /* Utility.cpp */,
				53B5D64716972B5900AE0523 /* tree.hh */,
			);
			name = Gspan;
			sourceTree = "<group>";
		};
		53FC1E2F16942D5100F3FD58 /* Utilities */ = {
			isa = PBXGroup;
			children = (
				536D3AF216D55FF00086DCE9 /* SLCrossValidation.h */,
				536D3AF016D55F820086DCE9 /* SLCrossValidationResults.h */,
				534F58381696F29300D2C3D3 /* SLCrossValidationResultHistory.h */,
			);
			name = Utilities;
			sourceTree = "<group>";
		};
/* End PBXGroup section */

/* Begin PBXHeadersBuildPhase section */
		537078BA16AFA7C7004FFD09 /* Headers */ = {
			isa = PBXHeadersBuildPhase;
			buildActionMask = 2147483647;
			files = (
			);
			runOnlyForDeploymentPostprocessing = 0;
		};
		537078C316AFA7DD004FFD09 /* Headers */ = {
			isa = PBXHeadersBuildPhase;
			buildActionMask = 2147483647;
			files = (
			);
			runOnlyForDeploymentPostprocessing = 0;
		};
/* End PBXHeadersBuildPhase section */

/* Begin PBXNativeTarget section */
		53388A291690B0D500AF9E5E /* SparsePlsTest */ = {
			isa = PBXNativeTarget;
			buildConfigurationList = 53388A311690B0D500AF9E5E /* Build configuration list for PBXNativeTarget "SparsePlsTest" */;
			buildPhases = (
				53388A261690B0D500AF9E5E /* Sources */,
				53388A271690B0D500AF9E5E /* Frameworks */,
			);
			buildRules = (
			);
			dependencies = (
				5370791E16AFC1B0004FFD09 /* PBXTargetDependency */,
			);
			name = SparsePlsTest;
			productName = SparsePls;
			productReference = 53388A2A1690B0D500AF9E5E /* SparsePlsTest */;
			productType = "com.apple.product-type.tool";
		};
		537078BB16AFA7C7004FFD09 /* glp */ = {
			isa = PBXNativeTarget;
			buildConfigurationList = 537078BF16AFA7C7004FFD09 /* Build configuration list for PBXNativeTarget "glp" */;
			buildPhases = (
				5370790416AFB9C4004FFD09 /* ShellScript */,
				537078B816AFA7C7004FFD09 /* Sources */,
				537078B916AFA7C7004FFD09 /* Frameworks */,
				537078BA16AFA7C7004FFD09 /* Headers */,
			);
			buildRules = (
			);
			dependencies = (
			);
			name = glp;
			productName = libglp;
			productReference = 537078BC16AFA7C7004FFD09 /* libglp.dylib */;
			productType = "com.apple.product-type.library.dynamic";
		};
		537078C416AFA7DD004FFD09 /* glp_static */ = {
			isa = PBXNativeTarget;
			buildConfigurationList = 537078C616AFA7DD004FFD09 /* Build configuration list for PBXNativeTarget "glp_static" */;
			buildPhases = (
				537078C116AFA7DD004FFD09 /* Sources */,
				537078C216AFA7DD004FFD09 /* Frameworks */,
				537078C316AFA7DD004FFD09 /* Headers */,
			);
			buildRules = (
			);
			dependencies = (
				5370792016AFC1C7004FFD09 /* PBXTargetDependency */,
			);
			name = glp_static;
			productName = libglp_static;
			productReference = 537078C516AFA7DD004FFD09 /* libglp.a */;
			productType = "com.apple.product-type.library.static";
		};
		537123401683288A00B47D4E /* gspls */ = {
			isa = PBXNativeTarget;
			buildConfigurationList = 5371234B1683288A00B47D4E /* Build configuration list for PBXNativeTarget "gspls" */;
			buildPhases = (
				5371233D1683288A00B47D4E /* Sources */,
				5371233E1683288A00B47D4E /* Frameworks */,
			);
			buildRules = (
			);
			dependencies = (
				5370791C16AFC1AE004FFD09 /* PBXTargetDependency */,
			);
			name = gspls;
			productName = GLP;
			productReference = 537123411683288A00B47D4E /* gspls */;
			productType = "com.apple.product-type.tool";
		};
		53795B7517421B5C001811B6 /* gspan */ = {
			isa = PBXNativeTarget;
			buildConfigurationList = 53795B7C17421B5C001811B6 /* Build configuration list for PBXNativeTarget "gspan" */;
			buildPhases = (
				53795B7817421B5C001811B6 /* Sources */,
				53795B7A17421B5C001811B6 /* Frameworks */,
			);
			buildRules = (
			);
			dependencies = (
				53795B7617421B5C001811B6 /* PBXTargetDependency */,
			);
			name = gspan;
			productName = GLP;
			productReference = 53795B7F17421B5C001811B6 /* gspan */;
			productType = "com.apple.product-type.tool";
		};
		53795B8017421B5F001811B6 /* gspan_static */ = {
			isa = PBXNativeTarget;
			buildConfigurationList = 53795B8617421B5F001811B6 /* Build configuration list for PBXNativeTarget "gspan_static" */;
			buildPhases = (
				53795B8317421B5F001811B6 /* Sources */,
				53795B8517421B5F001811B6 /* Frameworks */,
			);
			buildRules = (
			);
			dependencies = (
				53795B9317421BB7001811B6 /* PBXTargetDependency */,
			);
			name = gspan_static;
			productName = GLP;
			productReference = 53795B8917421B5F001811B6 /* gspan_static */;
			productType = "com.apple.product-type.tool";
		};
		53A0783518FA7BCB00F73E4E /* gspan_pls_static */ = {
			isa = PBXNativeTarget;
			buildConfigurationList = 53A0783B18FA7BCB00F73E4E /* Build configuration list for PBXNativeTarget "gspan_pls_static" */;
			buildPhases = (
				53A0783818FA7BCB00F73E4E /* Sources */,
				53A0783A18FA7BCB00F73E4E /* Frameworks */,
			);
			buildRules = (
			);
			dependencies = (
				53A0783618FA7BCB00F73E4E /* PBXTargetDependency */,
			);
			name = gspan_pls_static;
			productName = GLP;
			productReference = 53A0783E18FA7BCB00F73E4E /* gspan_pls_static */;
			productType = "com.apple.product-type.tool";
		};
		53A0CF2C16AFC4FD00B74AC1 /* gspls_static */ = {
			isa = PBXNativeTarget;
			buildConfigurationList = 53A0CF3316AFC4FD00B74AC1 /* Build configuration list for PBXNativeTarget "gspls_static" */;
			buildPhases = (
				53A0CF2F16AFC4FD00B74AC1 /* Sources */,
				53A0CF3116AFC4FD00B74AC1 /* Frameworks */,
			);
			buildRules = (
			);
			dependencies = (
				53795B9117421BB3001811B6 /* PBXTargetDependency */,
			);
			name = gspls_static;
			productName = GLP;
			productReference = 53A0CF3616AFC4FD00B74AC1 /* gspls_static */;
			productType = "com.apple.product-type.tool";
		};
/* End PBXNativeTarget section */

/* Begin PBXProject section */
		537123381683288A00B47D4E /* Project object */ = {
			isa = PBXProject;
			attributes = {
				LastUpgradeCheck = 0510;
				ORGANIZATIONNAME = "Saigo Laboratoire";
			};
			buildConfigurationList = 5371233B1683288A00B47D4E /* Build configuration list for PBXProject "GLP" */;
			compatibilityVersion = "Xcode 3.2";
			developmentRegion = English;
			hasScannedForEncodings = 0;
			knownRegions = (
				en,
			);
			mainGroup = 537123361683288A00B47D4E;
			productRefGroup = 537123421683288A00B47D4E /* Products */;
			projectDirPath = "";
			projectRoot = "";
			targets = (
				5370790F16AFC06A004FFD09 /* All */,
				537078BB16AFA7C7004FFD09 /* glp */,
				537078C416AFA7DD004FFD09 /* glp_static */,
				537123401683288A00B47D4E /* gspls */,
				53A0CF2C16AFC4FD00B74AC1 /* gspls_static */,
				53795B7517421B5C001811B6 /* gspan */,
				53795B8017421B5F001811B6 /* gspan_static */,
				53A0783518FA7BCB00F73E4E /* gspan_pls_static */,
				53388A291690B0D500AF9E5E /* SparsePlsTest */,
			);
		};
/* End PBXProject section */

/* Begin PBXShellScriptBuildPhase section */
		5370790416AFB9C4004FFD09 /* ShellScript */ = {
			isa = PBXShellScriptBuildPhase;
			buildActionMask = 2147483647;
			files = (
			);
			inputPaths = (
			);
			outputPaths = (
			);
			runOnlyForDeploymentPostprocessing = 0;
			shellPath = /bin/sh;
			shellScript = "#rm -rf \"${SRCROOT}/build/Headers/\"\nif [ ! -d \"${SRCROOT}/build/Headers/GLP\" ]; then\n    echo \"Create symbol link of header files...\"\n    mkdir -p \"${SRCROOT}/build/Headers\"\n    cd \"${SRCROOT}/build/Headers\"\n    ln -hfs \"../../GLP/Classes\" \"GLP\"\n    cd -\nfi";
		};
		53981D2A16AFFB5C00ED88AA /* ShellScript */ = {
			isa = PBXShellScriptBuildPhase;
			buildActionMask = 2147483647;
			files = (
			);
			inputPaths = (
			);
			outputPaths = (
			);
			runOnlyForDeploymentPostprocessing = 0;
			shellPath = /bin/sh;
			shellScript = "#HEADER_DOC_DIR_NAME=documentation\n#HEADER_DOC_DIR=$HEADER_DOC_DIR_NAME\n#HEADER_DOC_DIR+=/\n#HEADER_DOC_DIR+=`date +%Y%m%d%k%M%S`\n#mkdir -p $HEADER_DOC_DIR\n#find . -name *.h | xargs headerdoc2html -o $HEADER_DOC_DIR\n#gatherheaderdoc $HEADER_DOC_DIR\n";
		};
/* End PBXShellScriptBuildPhase section */

/* Begin PBXSourcesBuildPhase section */
		53388A261690B0D500AF9E5E /* Sources */ = {
			isa = PBXSourcesBuildPhase;
			buildActionMask = 2147483647;
			files = (
				53EDCB1316995691006170CE /* SparsePlsTest.cpp in Sources */,
			);
			runOnlyForDeploymentPostprocessing = 0;
		};
		537078B816AFA7C7004FFD09 /* Sources */ = {
			isa = PBXSourcesBuildPhase;
			buildActionMask = 2147483647;
			files = (
				537078F316AFB728004FFD09 /* Utility.cpp in Sources */,
				537078F216AFB725004FFD09 /* Dfs.cpp in Sources */,
				537078F116AFB722004FFD09 /* Graph.cpp in Sources */,
				537078CD16AFB2FA004FFD09 /* SLSparsePls.cpp in Sources */,
				537078CE16AFB2FF004FFD09 /* SLGspan.cpp in Sources */,
				53FF08D41741526400859543 /* SLModelStrategy.cpp in Sources */,
			);
			runOnlyForDeploymentPostprocessing = 0;
		};
		537078C116AFA7DD004FFD09 /* Sources */ = {
			isa = PBXSourcesBuildPhase;
			buildActionMask = 2147483647;
			files = (
				53E4CCF2173EA94D00C0F204 /* SLSparsePls.cpp in Sources */,
				53E4CCF3173EA94D00C0F204 /* Graph.cpp in Sources */,
				53E4CCF4173EA94D00C0F204 /* Dfs.cpp in Sources */,
				53E4CCF5173EA94D00C0F204 /* Utility.cpp in Sources */,
				53E4CCF6173EA94D00C0F204 /* SLGspan.cpp in Sources */,
				53FF08D51741526400859543 /* SLModelStrategy.cpp in Sources */,
			);
			runOnlyForDeploymentPostprocessing = 0;
		};
		5371233D1683288A00B47D4E /* Sources */ = {
			isa = PBXSourcesBuildPhase;
			buildActionMask = 2147483647;
			files = (
				53C09388168DDEA500A0ADC1 /* gspls.cpp in Sources */,
			);
			runOnlyForDeploymentPostprocessing = 0;
		};
		53795B7817421B5C001811B6 /* Sources */ = {
			isa = PBXSourcesBuildPhase;
			buildActionMask = 2147483647;
			files = (
				53795B8E17421B9D001811B6 /* gspan.cpp in Sources */,
			);
			runOnlyForDeploymentPostprocessing = 0;
		};
		53795B8317421B5F001811B6 /* Sources */ = {
			isa = PBXSourcesBuildPhase;
			buildActionMask = 2147483647;
			files = (
				53795B8F17421BA2001811B6 /* gspan.cpp in Sources */,
			);
			runOnlyForDeploymentPostprocessing = 0;
		};
		53A0783818FA7BCB00F73E4E /* Sources */ = {
			isa = PBXSourcesBuildPhase;
			buildActionMask = 2147483647;
			files = (
				53A0783F18FA7BE000F73E4E /* gspan_pls.cpp in Sources */,
			);
			runOnlyForDeploymentPostprocessing = 0;
		};
		53A0CF2F16AFC4FD00B74AC1 /* Sources */ = {
			isa = PBXSourcesBuildPhase;
			buildActionMask = 2147483647;
			files = (
				53A0CF3016AFC4FD00B74AC1 /* gspls.cpp in Sources */,
			);
			runOnlyForDeploymentPostprocessing = 0;
		};
/* End PBXSourcesBuildPhase section */

/* Begin PBXTargetDependency section */
		5370791416AFC072004FFD09 /* PBXTargetDependency */ = {
			isa = PBXTargetDependency;
			target = 537123401683288A00B47D4E /* gspls */;
			targetProxy = 5370791316AFC072004FFD09 /* PBXContainerItemProxy */;
		};
		5370791616AFC073004FFD09 /* PBXTargetDependency */ = {
			isa = PBXTargetDependency;
			target = 53388A291690B0D500AF9E5E /* SparsePlsTest */;
			targetProxy = 5370791516AFC073004FFD09 /* PBXContainerItemProxy */;
		};
		5370791816AFC07D004FFD09 /* PBXTargetDependency */ = {
			isa = PBXTargetDependency;
			target = 537078BB16AFA7C7004FFD09 /* glp */;
			targetProxy = 5370791716AFC07D004FFD09 /* PBXContainerItemProxy */;
		};
		5370791A16AFC07F004FFD09 /* PBXTargetDependency */ = {
			isa = PBXTargetDependency;
			target = 537078C416AFA7DD004FFD09 /* glp_static */;
			targetProxy = 5370791916AFC07F004FFD09 /* PBXContainerItemProxy */;
		};
		5370791C16AFC1AE004FFD09 /* PBXTargetDependency */ = {
			isa = PBXTargetDependency;
			target = 537078BB16AFA7C7004FFD09 /* glp */;
			targetProxy = 5370791B16AFC1AE004FFD09 /* PBXContainerItemProxy */;
		};
		5370791E16AFC1B0004FFD09 /* PBXTargetDependency */ = {
			isa = PBXTargetDependency;
			target = 537078BB16AFA7C7004FFD09 /* glp */;
			targetProxy = 5370791D16AFC1B0004FFD09 /* PBXContainerItemProxy */;
		};
		5370792016AFC1C7004FFD09 /* PBXTargetDependency */ = {
			isa = PBXTargetDependency;
			target = 537078BB16AFA7C7004FFD09 /* glp */;
			targetProxy = 5370791F16AFC1C7004FFD09 /* PBXContainerItemProxy */;
		};
		53795B7617421B5C001811B6 /* PBXTargetDependency */ = {
			isa = PBXTargetDependency;
			target = 537078BB16AFA7C7004FFD09 /* glp */;
			targetProxy = 53795B7717421B5C001811B6 /* PBXContainerItemProxy */;
		};
		53795B8B17421B90001811B6 /* PBXTargetDependency */ = {
			isa = PBXTargetDependency;
			target = 53795B7517421B5C001811B6 /* gspan */;
			targetProxy = 53795B8A17421B90001811B6 /* PBXContainerItemProxy */;
		};
		53795B8D17421B92001811B6 /* PBXTargetDependency */ = {
			isa = PBXTargetDependency;
			target = 53795B8017421B5F001811B6 /* gspan_static */;
			targetProxy = 53795B8C17421B92001811B6 /* PBXContainerItemProxy */;
		};
		53795B9117421BB3001811B6 /* PBXTargetDependency */ = {
			isa = PBXTargetDependency;
			target = 537078C416AFA7DD004FFD09 /* glp_static */;
			targetProxy = 53795B9017421BB3001811B6 /* PBXContainerItemProxy */;
		};
		53795B9317421BB7001811B6 /* PBXTargetDependency */ = {
			isa = PBXTargetDependency;
			target = 537078C416AFA7DD004FFD09 /* glp_static */;
			targetProxy = 53795B9217421BB7001811B6 /* PBXContainerItemProxy */;
		};
		53A0783618FA7BCB00F73E4E /* PBXTargetDependency */ = {
			isa = PBXTargetDependency;
			target = 537078C416AFA7DD004FFD09 /* glp_static */;
			targetProxy = 53A0783718FA7BCB00F73E4E /* PBXContainerItemProxy */;
		};
		53A0CF3A16AFC58000B74AC1 /* PBXTargetDependency */ = {
			isa = PBXTargetDependency;
			target = 53A0CF2C16AFC4FD00B74AC1 /* gspls_static */;
			targetProxy = 53A0CF3916AFC58000B74AC1 /* PBXContainerItemProxy */;
		};
/* End PBXTargetDependency section */

/* Begin XCBuildConfiguration section */
		53388A321690B0D500AF9E5E /* Debug */ = {
			isa = XCBuildConfiguration;
			buildSettings = {
				GCC_VERSION = com.apple.compilers.llvm.clang.1_0;
				HEADER_SEARCH_PATHS = (
					/usr/local/include,
					/usr/local/include/eigen3,
					"${SRCROOT}/build/Headers",
				);
				PRODUCT_NAME = "$(TARGET_NAME)";
			};
			name = Debug;
		};
		53388A331690B0D500AF9E5E /* Release */ = {
			isa = XCBuildConfiguration;
			buildSettings = {
				GCC_VERSION = com.apple.compilers.llvm.clang.1_0;
				HEADER_SEARCH_PATHS = (
					/usr/local/include,
					/usr/local/include/eigen3,
					"${SRCROOT}/build/Headers",
				);
				PRODUCT_NAME = "$(TARGET_NAME)";
			};
			name = Release;
		};
		537078BD16AFA7C7004FFD09 /* Debug */ = {
			isa = XCBuildConfiguration;
			buildSettings = {
				COMBINE_HIDPI_IMAGES = YES;
				EXECUTABLE_PREFIX = lib;
				GCC_VERSION = com.apple.compilers.llvm.clang.1_0;
				HEADER_SEARCH_PATHS = (
					/usr/local/include,
					/usr/local/include/eigen3,
				);
				PRODUCT_NAME = "$(TARGET_NAME)";
			};
			name = Debug;
		};
		537078BE16AFA7C7004FFD09 /* Release */ = {
			isa = XCBuildConfiguration;
			buildSettings = {
				COMBINE_HIDPI_IMAGES = YES;
				EXECUTABLE_PREFIX = lib;
				GCC_VERSION = com.apple.compilers.llvm.clang.1_0;
				HEADER_SEARCH_PATHS = (
					/usr/local/include,
					/usr/local/include/eigen3,
				);
				PRODUCT_NAME = "$(TARGET_NAME)";
			};
			name = Release;
		};
		537078C716AFA7DD004FFD09 /* Debug */ = {
			isa = XCBuildConfiguration;
			buildSettings = {
				COMBINE_HIDPI_IMAGES = YES;
				EXECUTABLE_PREFIX = lib;
				GCC_VERSION = com.apple.compilers.llvm.clang.1_0;
				HEADER_SEARCH_PATHS = (
					/usr/local/include,
					/usr/local/include/eigen3,
				);
				PRODUCT_NAME = glp;
			};
			name = Debug;
		};
		537078C816AFA7DD004FFD09 /* Release */ = {
			isa = XCBuildConfiguration;
			buildSettings = {
				COMBINE_HIDPI_IMAGES = YES;
				EXECUTABLE_PREFIX = lib;
				GCC_VERSION = com.apple.compilers.llvm.clang.1_0;
				HEADER_SEARCH_PATHS = (
					/usr/local/include,
					/usr/local/include/eigen3,
				);
				PRODUCT_NAME = glp;
			};
			name = Release;
		};
		5370791116AFC06A004FFD09 /* Debug */ = {
			isa = XCBuildConfiguration;
			buildSettings = {
				COMBINE_HIDPI_IMAGES = YES;
				GCC_VERSION = com.apple.compilers.llvm.clang.1_0;
				PRODUCT_NAME = "$(TARGET_NAME)";
			};
			name = Debug;
		};
		5370791216AFC06A004FFD09 /* Release */ = {
			isa = XCBuildConfiguration;
			buildSettings = {
				COMBINE_HIDPI_IMAGES = YES;
				GCC_VERSION = com.apple.compilers.llvm.clang.1_0;
				PRODUCT_NAME = "$(TARGET_NAME)";
			};
			name = Release;
		};
		537123491683288A00B47D4E /* Debug */ = {
			isa = XCBuildConfiguration;
			buildSettings = {
				ALWAYS_SEARCH_USER_PATHS = NO;
				CLANG_ANALYZER_SECURITY_FLOATLOOPCOUNTER = YES;
				CLANG_ANALYZER_SECURITY_INSECUREAPI_RAND = YES;
				CLANG_ANALYZER_SECURITY_INSECUREAPI_STRCPY = YES;
				CLANG_CXX_LANGUAGE_STANDARD = "gnu++0x";
				CLANG_CXX_LIBRARY = "libc++";
				CLANG_WARN_EMPTY_BODY = YES;
				CLANG_WARN__DUPLICATE_METHOD_MATCH = YES;
				COPY_PHASE_STRIP = NO;
				GCC_C_LANGUAGE_STANDARD = gnu99;
				GCC_DYNAMIC_NO_PIC = NO;
				GCC_ENABLE_OBJC_EXCEPTIONS = YES;
				GCC_OPTIMIZATION_LEVEL = 0;
				GCC_PREPROCESSOR_DEFINITIONS = (
					"DEBUG=1",
					"$(inherited)",
				);
				GCC_SYMBOLS_PRIVATE_EXTERN = NO;
				GCC_VERSION = com.apple.compilers.llvmgcc42;
				GCC_WARN_ABOUT_RETURN_TYPE = YES;
				GCC_WARN_UNINITIALIZED_AUTOS = YES;
				GCC_WARN_UNUSED_VARIABLE = YES;
				MACOSX_DEPLOYMENT_TARGET = 10.8;
				ONLY_ACTIVE_ARCH = YES;
				SDKROOT = macosx;
			};
			name = Debug;
		};
		5371234A1683288A00B47D4E /* Release */ = {
			isa = XCBuildConfiguration;
			buildSettings = {
				ALWAYS_SEARCH_USER_PATHS = NO;
				CLANG_ANALYZER_SECURITY_FLOATLOOPCOUNTER = YES;
				CLANG_ANALYZER_SECURITY_INSECUREAPI_RAND = YES;
				CLANG_ANALYZER_SECURITY_INSECUREAPI_STRCPY = YES;
				CLANG_CXX_LANGUAGE_STANDARD = "gnu++0x";
				CLANG_CXX_LIBRARY = "libc++";
				CLANG_WARN_EMPTY_BODY = YES;
				CLANG_WARN__DUPLICATE_METHOD_MATCH = YES;
				COPY_PHASE_STRIP = YES;
				DEBUG_INFORMATION_FORMAT = "dwarf-with-dsym";
				GCC_C_LANGUAGE_STANDARD = gnu99;
				GCC_ENABLE_OBJC_EXCEPTIONS = YES;
				GCC_OPTIMIZATION_LEVEL = 3;
				GCC_VERSION = com.apple.compilers.llvmgcc42;
				GCC_WARN_ABOUT_RETURN_TYPE = YES;
				GCC_WARN_UNINITIALIZED_AUTOS = YES;
				GCC_WARN_UNUSED_VARIABLE = YES;
				MACOSX_DEPLOYMENT_TARGET = 10.8;
				SDKROOT = macosx;
			};
			name = Release;
		};
		5371234C1683288A00B47D4E /* Debug */ = {
			isa = XCBuildConfiguration;
			buildSettings = {
				GCC_VERSION = com.apple.compilers.llvm.clang.1_0;
				HEADER_SEARCH_PATHS = (
					/usr/local/include,
					/usr/local/include/eigen3,
					"${SRCROOT}/build/Headers",
				);
				PRODUCT_NAME = "$(TARGET_NAME)";
			};
			name = Debug;
		};
		5371234D1683288A00B47D4E /* Release */ = {
			isa = XCBuildConfiguration;
			buildSettings = {
				GCC_VERSION = com.apple.compilers.llvm.clang.1_0;
				HEADER_SEARCH_PATHS = (
					/usr/local/include,
					/usr/local/include/eigen3,
					"${SRCROOT}/build/Headers",
				);
				PRODUCT_NAME = "$(TARGET_NAME)";
			};
			name = Release;
		};
		53795B7D17421B5C001811B6 /* Debug */ = {
			isa = XCBuildConfiguration;
			buildSettings = {
				GCC_VERSION = com.apple.compilers.llvm.clang.1_0;
				HEADER_SEARCH_PATHS = (
					/usr/local/include,
					/usr/local/include/eigen3,
					"${SRCROOT}/build/Headers",
				);
				PRODUCT_NAME = gspan;
			};
			name = Debug;
		};
		53795B7E17421B5C001811B6 /* Release */ = {
			isa = XCBuildConfiguration;
			buildSettings = {
				GCC_VERSION = com.apple.compilers.llvm.clang.1_0;
				HEADER_SEARCH_PATHS = (
					/usr/local/include,
					/usr/local/include/eigen3,
					"${SRCROOT}/build/Headers",
				);
				PRODUCT_NAME = gspan;
			};
			name = Release;
		};
		53795B8717421B5F001811B6 /* Debug */ = {
			isa = XCBuildConfiguration;
			buildSettings = {
				GCC_VERSION = com.apple.compilers.llvm.clang.1_0;
				HEADER_SEARCH_PATHS = (
					/usr/local/include,
					/usr/local/include/eigen3,
					"${SRCROOT}/build/Headers",
				);
				OTHER_LDFLAGS = "${TARGET_BUILD_DIR}/libglp.a";
				PRODUCT_NAME = gspan_static;
			};
			name = Debug;
		};
		53795B8817421B5F001811B6 /* Release */ = {
			isa = XCBuildConfiguration;
			buildSettings = {
				GCC_VERSION = com.apple.compilers.llvm.clang.1_0;
				HEADER_SEARCH_PATHS = (
					/usr/local/include,
					/usr/local/include/eigen3,
					"${SRCROOT}/build/Headers",
				);
				OTHER_LDFLAGS = "${TARGET_BUILD_DIR}/libglp.a";
				PRODUCT_NAME = gspan_static;
			};
			name = Release;
		};
		53A0783C18FA7BCB00F73E4E /* Debug */ = {
			isa = XCBuildConfiguration;
			buildSettings = {
				GCC_VERSION = com.apple.compilers.llvm.clang.1_0;
				HEADER_SEARCH_PATHS = (
					/usr/local/include,
					/usr/local/include/eigen3,
					"${SRCROOT}/build/Headers",
				);
				OTHER_LDFLAGS = "${TARGET_BUILD_DIR}/libglp.a";
				PRODUCT_NAME = gspan_pls_static;
			};
			name = Debug;
		};
		53A0783D18FA7BCB00F73E4E /* Release */ = {
			isa = XCBuildConfiguration;
			buildSettings = {
				GCC_VERSION = com.apple.compilers.llvm.clang.1_0;
				HEADER_SEARCH_PATHS = (
					/usr/local/include,
					/usr/local/include/eigen3,
					"${SRCROOT}/build/Headers",
				);
				OTHER_LDFLAGS = "${TARGET_BUILD_DIR}/libglp.a";
				PRODUCT_NAME = gspan_pls_static;
			};
			name = Release;
		};
		53A0CF3416AFC4FD00B74AC1 /* Debug */ = {
			isa = XCBuildConfiguration;
			buildSettings = {
				GCC_VERSION = com.apple.compilers.llvm.clang.1_0;
				HEADER_SEARCH_PATHS = (
					/usr/local/include,
					/usr/local/include/eigen3,
					"${SRCROOT}/build/Headers",
				);
				OTHER_LDFLAGS = "${TARGET_BUILD_DIR}/libglp.a";
				PRODUCT_NAME = "$(TARGET_NAME)";
			};
			name = Debug;
		};
		53A0CF3516AFC4FD00B74AC1 /* Release */ = {
			isa = XCBuildConfiguration;
			buildSettings = {
				GCC_VERSION = com.apple.compilers.llvm.clang.1_0;
				HEADER_SEARCH_PATHS = (
					/usr/local/include,
					/usr/local/include/eigen3,
					"${SRCROOT}/build/Headers",
				);
				OTHER_LDFLAGS = "${TARGET_BUILD_DIR}/libglp.a";
				PRODUCT_NAME = "$(TARGET_NAME)";
			};
			name = Release;
		};
/* End XCBuildConfiguration section */

/* Begin XCConfigurationList section */
		53388A311690B0D500AF9E5E /* Build configuration list for PBXNativeTarget "SparsePlsTest" */ = {
			isa = XCConfigurationList;
			buildConfigurations = (
				53388A321690B0D500AF9E5E /* Debug */,
				53388A331690B0D500AF9E5E /* Release */,
			);
			defaultConfigurationIsVisible = 0;
			defaultConfigurationName = Release;
		};
		537078BF16AFA7C7004FFD09 /* Build configuration list for PBXNativeTarget "glp" */ = {
			isa = XCConfigurationList;
			buildConfigurations = (
				537078BD16AFA7C7004FFD09 /* Debug */,
				537078BE16AFA7C7004FFD09 /* Release */,
			);
			defaultConfigurationIsVisible = 0;
			defaultConfigurationName = Release;
		};
		537078C616AFA7DD004FFD09 /* Build configuration list for PBXNativeTarget "glp_static" */ = {
			isa = XCConfigurationList;
			buildConfigurations = (
				537078C716AFA7DD004FFD09 /* Debug */,
				537078C816AFA7DD004FFD09 /* Release */,
			);
			defaultConfigurationIsVisible = 0;
			defaultConfigurationName = Release;
		};
		5370791016AFC06A004FFD09 /* Build configuration list for PBXAggregateTarget "All" */ = {
			isa = XCConfigurationList;
			buildConfigurations = (
				5370791116AFC06A004FFD09 /* Debug */,
				5370791216AFC06A004FFD09 /* Release */,
			);
			defaultConfigurationIsVisible = 0;
			defaultConfigurationName = Release;
		};
		5371233B1683288A00B47D4E /* Build configuration list for PBXProject "GLP" */ = {
			isa = XCConfigurationList;
			buildConfigurations = (
				537123491683288A00B47D4E /* Debug */,
				5371234A1683288A00B47D4E /* Release */,
			);
			defaultConfigurationIsVisible = 0;
			defaultConfigurationName = Release;
		};
		5371234B1683288A00B47D4E /* Build configuration list for PBXNativeTarget "gspls" */ = {
			isa = XCConfigurationList;
			buildConfigurations = (
				5371234C1683288A00B47D4E /* Debug */,
				5371234D1683288A00B47D4E /* Release */,
			);
			defaultConfigurationIsVisible = 0;
			defaultConfigurationName = Release;
		};
		53795B7C17421B5C001811B6 /* Build configuration list for PBXNativeTarget "gspan" */ = {
			isa = XCConfigurationList;
			buildConfigurations = (
				53795B7D17421B5C001811B6 /* Debug */,
				53795B7E17421B5C001811B6 /* Release */,
			);
			defaultConfigurationIsVisible = 0;
			defaultConfigurationName = Release;
		};
		53795B8617421B5F001811B6 /* Build configuration list for PBXNativeTarget "gspan_static" */ = {
			isa = XCConfigurationList;
			buildConfigurations = (
				53795B8717421B5F001811B6 /* Debug */,
				53795B8817421B5F001811B6 /* Release */,
			);
			defaultConfigurationIsVisible = 0;
			defaultConfigurationName = Release;
		};
		53A0783B18FA7BCB00F73E4E /* Build configuration list for PBXNativeTarget "gspan_pls_static" */ = {
			isa = XCConfigurationList;
			buildConfigurations = (
				53A0783C18FA7BCB00F73E4E /* Debug */,
				53A0783D18FA7BCB00F73E4E /* Release */,
			);
			defaultConfigurationIsVisible = 0;
			defaultConfigurationName = Release;
		};
		53A0CF3316AFC4FD00B74AC1 /* Build configuration list for PBXNativeTarget "gspls_static" */ = {
			isa = XCConfigurationList;
			buildConfigurations = (
				53A0CF3416AFC4FD00B74AC1 /* Debug */,
				53A0CF3516AFC4FD00B74AC1 /* Release */,
			);
			defaultConfigurationIsVisible = 0;
			defaultConfigurationName = Release;
		};
/* End XCConfigurationList section */
	};
	rootObject = 537123381683288A00B47D4E /* Project object */;
}
