// !$*UTF8*$!
{
	archiveVersion = 1;
	classes = {
	};
	objectVersion = 46;
	objects = {

/* Begin PBXBuildFile section */
		53388A351690B10000AF9E5E /* SLSparsePls.cpp in Sources */ = {isa = PBXBuildFile; fileRef = 53832810168D7E4E00E3B48F /* SLSparsePls.cpp */; };
		53388A361690B10300AF9E5E /* SLGspan.cpp in Sources */ = {isa = PBXBuildFile; fileRef = 53C09381168DBB5D00A0ADC1 /* SLGspan.cpp */; };
		53832811168D7E4E00E3B48F /* SLSparsePls.cpp in Sources */ = {isa = PBXBuildFile; fileRef = 53832810168D7E4E00E3B48F /* SLSparsePls.cpp */; };
		53B5D64D169730DD00AE0523 /* Graph.cpp in Sources */ = {isa = PBXBuildFile; fileRef = 53B5D64C169730DD00AE0523 /* Graph.cpp */; };
		53B5D64E169730DD00AE0523 /* Graph.cpp in Sources */ = {isa = PBXBuildFile; fileRef = 53B5D64C169730DD00AE0523 /* Graph.cpp */; };
		53B5D650169731C900AE0523 /* Dfs.cpp in Sources */ = {isa = PBXBuildFile; fileRef = 53B5D64F169731C900AE0523 /* Dfs.cpp */; };
		53B5D651169731C900AE0523 /* Dfs.cpp in Sources */ = {isa = PBXBuildFile; fileRef = 53B5D64F169731C900AE0523 /* Dfs.cpp */; };
		53B5D654169733FC00AE0523 /* Utility.cpp in Sources */ = {isa = PBXBuildFile; fileRef = 53B5D652169733FC00AE0523 /* Utility.cpp */; };
		53B5D655169733FC00AE0523 /* Utility.cpp in Sources */ = {isa = PBXBuildFile; fileRef = 53B5D652169733FC00AE0523 /* Utility.cpp */; };
		53C09383168DBB5D00A0ADC1 /* SLGspan.cpp in Sources */ = {isa = PBXBuildFile; fileRef = 53C09381168DBB5D00A0ADC1 /* SLGspan.cpp */; };
		53C09388168DDEA500A0ADC1 /* gspls.cpp in Sources */ = {isa = PBXBuildFile; fileRef = 53C09387168DDEA500A0ADC1 /* gspls.cpp */; };
		53EDCB1316995691006170CE /* SparsePlsTest.cpp in Sources */ = {isa = PBXBuildFile; fileRef = 53388A231690B03000AF9E5E /* SparsePlsTest.cpp */; };
		53F3157016A4A7550056C3A9 /* Makefile in Sources */ = {isa = PBXBuildFile; fileRef = 53F3156F16A4A7550056C3A9 /* Makefile */; };
/* End PBXBuildFile section */

/* Begin PBXCopyFilesBuildPhase section */
		53388A281690B0D500AF9E5E /* CopyFiles */ = {
			isa = PBXCopyFilesBuildPhase;
			buildActionMask = 2147483647;
			dstPath = /usr/share/man/man1/;
			dstSubfolderSpec = 0;
			files = (
			);
			runOnlyForDeploymentPostprocessing = 1;
		};
		5371233F1683288A00B47D4E /* CopyFiles */ = {
			isa = PBXCopyFilesBuildPhase;
			buildActionMask = 2147483647;
			dstPath = /usr/share/man/man1/;
			dstSubfolderSpec = 0;
			files = (
			);
			runOnlyForDeploymentPostprocessing = 1;
		};
/* End PBXCopyFilesBuildPhase section */

/* Begin PBXFileReference section */
		53317438168D9764005305C8 /* SLGlpFactory.h */ = {isa = PBXFileReference; fileEncoding = 4; lastKnownFileType = sourcecode.c.h; name = SLGlpFactory.h; path = Classes/Factory/SLGlpFactory.h; sourceTree = "<group>"; };
		5331743B168D97B1005305C8 /* SLGlpProduct.h */ = {isa = PBXFileReference; fileEncoding = 4; lastKnownFileType = sourcecode.c.h; name = SLGlpProduct.h; path = Classes/Factory/SLGlpProduct.h; sourceTree = "<group>"; };
		5331743E168D9861005305C8 /* SLGraphMining.h */ = {isa = PBXFileReference; fileEncoding = 4; lastKnownFileType = sourcecode.c.h; name = SLGraphMining.h; path = Classes/GraphMining/SLGraphMining.h; sourceTree = "<group>"; };
		53317441168D987B005305C8 /* SLGraphMiningStrategy.h */ = {isa = PBXFileReference; fileEncoding = 4; lastKnownFileType = sourcecode.c.h; name = SLGraphMiningStrategy.h; path = Classes/GraphMining/SLGraphMiningStrategy.h; sourceTree = "<group>"; };
		53388A231690B03000AF9E5E /* SparsePlsTest.cpp */ = {isa = PBXFileReference; fileEncoding = 4; lastKnownFileType = sourcecode.cpp.cpp; name = SparsePlsTest.cpp; path = Test/SparsePlsTest.cpp; sourceTree = "<group>"; };
		53388A2A1690B0D500AF9E5E /* SparsePls */ = {isa = PBXFileReference; explicitFileType = "compiled.mach-o.executable"; includeInIndex = 0; path = SparsePls; sourceTree = BUILT_PRODUCTS_DIR; };
		5348010516A7247500755DFB /* 1862drugs.gsp */ = {isa = PBXFileReference; fileEncoding = 4; lastKnownFileType = text; name = 1862drugs.gsp; path = Examples/datasets/1862drugs.gsp; sourceTree = "<group>"; };
		5348010616A7247500755DFB /* 1862Y.txt */ = {isa = PBXFileReference; fileEncoding = 4; lastKnownFileType = text; name = 1862Y.txt; path = Examples/datasets/1862Y.txt; sourceTree = "<group>"; };
		5348010716A7247500755DFB /* CAS.gsp */ = {isa = PBXFileReference; fileEncoding = 4; lastKnownFileType = text; name = CAS.gsp; path = Examples/datasets/CAS.gsp; sourceTree = "<group>"; };
		5348010816A7247500755DFB /* es.gsp */ = {isa = PBXFileReference; fileEncoding = 4; lastKnownFileType = text; name = es.gsp; path = Examples/datasets/es.gsp; sourceTree = "<group>"; };
		5348010916A7247500755DFB /* seYsmall.txt */ = {isa = PBXFileReference; fileEncoding = 4; lastKnownFileType = text; name = seYsmall.txt; path = Examples/datasets/seYsmall.txt; sourceTree = "<group>"; };
		5348010A16A7247500755DFB /* sideEfDrugsAnnot.gsp */ = {isa = PBXFileReference; fileEncoding = 4; lastKnownFileType = text; name = sideEfDrugsAnnot.gsp; path = Examples/datasets/sideEfDrugsAnnot.gsp; sourceTree = "<group>"; };
		534F58361696F1F300D2C3D3 /* SLCrossValidationResults.h */ = {isa = PBXFileReference; lastKnownFileType = sourcecode.c.h; name = SLCrossValidationResults.h; path = Classes/Utilities/SLCrossValidationResults.h; sourceTree = "<group>"; };
		534F58381696F29300D2C3D3 /* SLCrossValidationResultHistory.h */ = {isa = PBXFileReference; lastKnownFileType = sourcecode.c.h; name = SLCrossValidationResultHistory.h; path = Classes/Utilities/SLCrossValidationResultHistory.h; sourceTree = "<group>"; };
		53578E04168D69AD002668D3 /* SLModelStrategy.h */ = {isa = PBXFileReference; fileEncoding = 4; lastKnownFileType = sourcecode.c.h; name = SLModelStrategy.h; path = Classes/Models/SLModelStrategy.h; sourceTree = "<group>"; };
		53578E05168D69AD002668D3 /* SLSparsePls.h */ = {isa = PBXFileReference; fileEncoding = 4; lastKnownFileType = sourcecode.c.h; name = SLSparsePls.h; path = Classes/Models/SLSparsePls.h; sourceTree = "<group>"; };
		53578E07168D69B9002668D3 /* MatrixExt.h */ = {isa = PBXFileReference; fileEncoding = 4; lastKnownFileType = sourcecode.c.h; name = MatrixExt.h; path = Classes/Extensions/MatrixExt.h; sourceTree = "<group>"; };
		53578E09168D69CB002668D3 /* SLGlp.h */ = {isa = PBXFileReference; fileEncoding = 4; lastKnownFileType = sourcecode.c.h; name = SLGlp.h; path = Classes/SLGlp.h; sourceTree = "<group>"; };
		537123411683288A00B47D4E /* gspls */ = {isa = PBXFileReference; explicitFileType = "compiled.mach-o.executable"; includeInIndex = 0; path = gspls; sourceTree = BUILT_PRODUCTS_DIR; };
		5371237E16833C2D00B47D4E /* README.md */ = {isa = PBXFileReference; fileEncoding = 4; lastKnownFileType = text; path = README.md; sourceTree = SOURCE_ROOT; };
		53832802168D6CEF00E3B48F /* SLUtility.h */ = {isa = PBXFileReference; lastKnownFileType = sourcecode.c.h; name = SLUtility.h; path = Classes/SLUtility.h; sourceTree = "<group>"; };
		53832809168D767F00E3B48F /* SLModel.h */ = {isa = PBXFileReference; fileEncoding = 4; lastKnownFileType = sourcecode.c.h; name = SLModel.h; path = Classes/Models/SLModel.h; sourceTree = "<group>"; };
		53832810168D7E4E00E3B48F /* SLSparsePls.cpp */ = {isa = PBXFileReference; fileEncoding = 4; lastKnownFileType = sourcecode.cpp.cpp; name = SLSparsePls.cpp; path = Classes/Models/SLSparsePls.cpp; sourceTree = "<group>"; };
		53B5D6451697251800AE0523 /* Graph.h */ = {isa = PBXFileReference; lastKnownFileType = sourcecode.c.h; name = Graph.h; path = Classes/GraphMining/Gspan/Graph.h; sourceTree = "<group>"; };
		53B5D6461697271900AE0523 /* Dfs.h */ = {isa = PBXFileReference; lastKnownFileType = sourcecode.c.h; name = Dfs.h; path = Classes/GraphMining/Gspan/Dfs.h; sourceTree = "<group>"; };
		53B5D64716972B5900AE0523 /* tree.hh */ = {isa = PBXFileReference; fileEncoding = 4; lastKnownFileType = sourcecode.cpp.h; name = tree.hh; path = Classes/GraphMining/Gspan/tree.hh; sourceTree = "<group>"; };
		53B5D64C169730DD00AE0523 /* Graph.cpp */ = {isa = PBXFileReference; fileEncoding = 4; lastKnownFileType = sourcecode.cpp.cpp; name = Graph.cpp; path = Classes/GraphMining/Gspan/Graph.cpp; sourceTree = "<group>"; };
		53B5D64F169731C900AE0523 /* Dfs.cpp */ = {isa = PBXFileReference; fileEncoding = 4; lastKnownFileType = sourcecode.cpp.cpp; name = Dfs.cpp; path = Classes/GraphMining/Gspan/Dfs.cpp; sourceTree = "<group>"; };
		53B5D652169733FC00AE0523 /* Utility.cpp */ = {isa = PBXFileReference; fileEncoding = 4; lastKnownFileType = sourcecode.cpp.cpp; name = Utility.cpp; path = Classes/GraphMining/Gspan/Utility.cpp; sourceTree = "<group>"; };
		53B5D653169733FC00AE0523 /* Utility.h */ = {isa = PBXFileReference; fileEncoding = 4; lastKnownFileType = sourcecode.c.h; name = Utility.h; path = Classes/GraphMining/Gspan/Utility.h; sourceTree = "<group>"; };
		53C09381168DBB5D00A0ADC1 /* SLGspan.cpp */ = {isa = PBXFileReference; fileEncoding = 4; lastKnownFileType = sourcecode.cpp.cpp; name = SLGspan.cpp; path = Classes/GraphMining/SLGspan.cpp; sourceTree = "<group>"; };
		53C09382168DBB5D00A0ADC1 /* SLGspan.h */ = {isa = PBXFileReference; fileEncoding = 4; lastKnownFileType = sourcecode.c.h; name = SLGspan.h; path = Classes/GraphMining/SLGspan.h; sourceTree = "<group>"; };
		53C09387168DDEA500A0ADC1 /* gspls.cpp */ = {isa = PBXFileReference; fileEncoding = 4; lastKnownFileType = sourcecode.cpp.cpp; name = gspls.cpp; path = Examples/gspls.cpp; sourceTree = "<group>"; };
		53F3156F16A4A7550056C3A9 /* Makefile */ = {isa = PBXFileReference; fileEncoding = 4; lastKnownFileType = sourcecode.make; path = Makefile; sourceTree = SOURCE_ROOT; };
		53FC1E3116942D8700F3FD58 /* SLCrossValidation.h */ = {isa = PBXFileReference; fileEncoding = 4; lastKnownFileType = sourcecode.c.h; name = SLCrossValidation.h; path = Classes/Utilities/SLCrossValidation.h; sourceTree = "<group>"; };
/* End PBXFileReference section */

/* Begin PBXFrameworksBuildPhase section */
		53388A271690B0D500AF9E5E /* Frameworks */ = {
			isa = PBXFrameworksBuildPhase;
			buildActionMask = 2147483647;
			files = (
			);
			runOnlyForDeploymentPostprocessing = 0;
		};
		5371233E1683288A00B47D4E /* Frameworks */ = {
			isa = PBXFrameworksBuildPhase;
			buildActionMask = 2147483647;
			files = (
			);
			runOnlyForDeploymentPostprocessing = 0;
		};
/* End PBXFrameworksBuildPhase section */

/* Begin PBXGroup section */
		53388A211690AFE600AF9E5E /* Test */ = {
			isa = PBXGroup;
			children = (
				53388A231690B03000AF9E5E /* SparsePlsTest.cpp */,
			);
			name = Test;
			sourceTree = "<group>";
		};
		5348010316A7246100755DFB /* datasets */ = {
			isa = PBXGroup;
			children = (
				5348010516A7247500755DFB /* 1862drugs.gsp */,
				5348010616A7247500755DFB /* 1862Y.txt */,
				5348010716A7247500755DFB /* CAS.gsp */,
				5348010816A7247500755DFB /* es.gsp */,
				5348010916A7247500755DFB /* seYsmall.txt */,
				5348010A16A7247500755DFB /* sideEfDrugsAnnot.gsp */,
			);
			name = datasets;
			sourceTree = "<group>";
		};
		53578DF5168D67FC002668D3 /* Factory */ = {
			isa = PBXGroup;
			children = (
				53317438168D9764005305C8 /* SLGlpFactory.h */,
				5331743B168D97B1005305C8 /* SLGlpProduct.h */,
			);
			name = Factory;
			sourceTree = "<group>";
		};
		53578DF9168D691B002668D3 /* Classes */ = {
			isa = PBXGroup;
			children = (
				53578E09168D69CB002668D3 /* SLGlp.h */,
				53832802168D6CEF00E3B48F /* SLUtility.h */,
				53FC1E2F16942D5100F3FD58 /* Utilities */,
				53578DF5168D67FC002668D3 /* Factory */,
				5371234F168328CA00B47D4E /* Models */,
				5371234E168328B600B47D4E /* GraphMining */,
				537123511683294D00B47D4E /* Extensions */,
			);
			name = Classes;
			sourceTree = "<group>";
		};
		53578DFA168D6922002668D3 /* Examples */ = {
			isa = PBXGroup;
			children = (
				5348010316A7246100755DFB /* datasets */,
				53C09387168DDEA500A0ADC1 /* gspls.cpp */,
			);
			name = Examples;
			sourceTree = "<group>";
		};
		537123361683288A00B47D4E = {
			isa = PBXGroup;
			children = (
				537123441683288A00B47D4E /* GLP */,
				5371237E16833C2D00B47D4E /* README.md */,
				53F3156F16A4A7550056C3A9 /* Makefile */,
				537123421683288A00B47D4E /* Products */,
			);
			sourceTree = "<group>";
		};
		537123421683288A00B47D4E /* Products */ = {
			isa = PBXGroup;
			children = (
				537123411683288A00B47D4E /* gspls */,
				53388A2A1690B0D500AF9E5E /* SparsePls */,
			);
			name = Products;
			sourceTree = "<group>";
		};
		537123441683288A00B47D4E /* GLP */ = {
			isa = PBXGroup;
			children = (
				53578DF9168D691B002668D3 /* Classes */,
				53578DFA168D6922002668D3 /* Examples */,
				53388A211690AFE600AF9E5E /* Test */,
			);
			path = GLP;
			sourceTree = "<group>";
		};
		5371234E168328B600B47D4E /* GraphMining */ = {
			isa = PBXGroup;
			children = (
				53832813168D7F8500E3B48F /* Concrete */,
				5331743E168D9861005305C8 /* SLGraphMining.h */,
				53317441168D987B005305C8 /* SLGraphMiningStrategy.h */,
			);
			name = GraphMining;
			sourceTree = "<group>";
		};
		5371234F168328CA00B47D4E /* Models */ = {
			isa = PBXGroup;
			children = (
				53832812168D7F6200E3B48F /* Concrete */,
				53832809168D767F00E3B48F /* SLModel.h */,
				53578E04168D69AD002668D3 /* SLModelStrategy.h */,
			);
			name = Models;
			sourceTree = "<group>";
		};
		537123511683294D00B47D4E /* Extensions */ = {
			isa = PBXGroup;
			children = (
				53578E07168D69B9002668D3 /* MatrixExt.h */,
			);
			name = Extensions;
			sourceTree = "<group>";
		};
		53832812168D7F6200E3B48F /* Concrete */ = {
			isa = PBXGroup;
			children = (
				53578E05168D69AD002668D3 /* SLSparsePls.h */,
				53832810168D7E4E00E3B48F /* SLSparsePls.cpp */,
			);
			name = Concrete;
			sourceTree = "<group>";
		};
		53832813168D7F8500E3B48F /* Concrete */ = {
			isa = PBXGroup;
			children = (
				53B5D6431697245F00AE0523 /* Gspan */,
				53C09382168DBB5D00A0ADC1 /* SLGspan.h */,
				53C09381168DBB5D00A0ADC1 /* SLGspan.cpp */,
			);
			name = Concrete;
			sourceTree = "<group>";
		};
		53B5D6431697245F00AE0523 /* Gspan */ = {
			isa = PBXGroup;
			children = (
				53B5D6451697251800AE0523 /* Graph.h */,
				53B5D64C169730DD00AE0523 /* Graph.cpp */,
				53B5D6461697271900AE0523 /* Dfs.h */,
				53B5D64F169731C900AE0523 /* Dfs.cpp */,
				53B5D653169733FC00AE0523 /* Utility.h */,
				53B5D652169733FC00AE0523 /* Utility.cpp */,
				53B5D64716972B5900AE0523 /* tree.hh */,
			);
			name = Gspan;
			sourceTree = "<group>";
		};
		53FC1E2F16942D5100F3FD58 /* Utilities */ = {
			isa = PBXGroup;
			children = (
				53FC1E3116942D8700F3FD58 /* SLCrossValidation.h */,
				534F58361696F1F300D2C3D3 /* SLCrossValidationResults.h */,
				534F58381696F29300D2C3D3 /* SLCrossValidationResultHistory.h */,
			);
			name = Utilities;
			sourceTree = "<group>";
		};
/* End PBXGroup section */

/* Begin PBXNativeTarget section */
		53388A291690B0D500AF9E5E /* SparsePls */ = {
			isa = PBXNativeTarget;
			buildConfigurationList = 53388A311690B0D500AF9E5E /* Build configuration list for PBXNativeTarget "SparsePls" */;
			buildPhases = (
				53388A261690B0D500AF9E5E /* Sources */,
				53388A271690B0D500AF9E5E /* Frameworks */,
				53388A281690B0D500AF9E5E /* CopyFiles */,
			);
			buildRules = (
			);
			dependencies = (
			);
			name = SparsePls;
			productName = SparsePls;
			productReference = 53388A2A1690B0D500AF9E5E /* SparsePls */;
			productType = "com.apple.product-type.tool";
		};
		537123401683288A00B47D4E /* gspls */ = {
			isa = PBXNativeTarget;
			buildConfigurationList = 5371234B1683288A00B47D4E /* Build configuration list for PBXNativeTarget "gspls" */;
			buildPhases = (
				5371233D1683288A00B47D4E /* Sources */,
				5371233E1683288A00B47D4E /* Frameworks */,
				5371233F1683288A00B47D4E /* CopyFiles */,
			);
			buildRules = (
			);
			dependencies = (
			);
			name = gspls;
			productName = GLP;
			productReference = 537123411683288A00B47D4E /* gspls */;
			productType = "com.apple.product-type.tool";
		};
/* End PBXNativeTarget section */

/* Begin PBXProject section */
		537123381683288A00B47D4E /* Project object */ = {
			isa = PBXProject;
			attributes = {
				LastUpgradeCheck = 0450;
				ORGANIZATIONNAME = "Saigo Laboratoire";
			};
			buildConfigurationList = 5371233B1683288A00B47D4E /* Build configuration list for PBXProject "GLP" */;
			compatibilityVersion = "Xcode 3.2";
			developmentRegion = English;
			hasScannedForEncodings = 0;
			knownRegions = (
				en,
			);
			mainGroup = 537123361683288A00B47D4E;
			productRefGroup = 537123421683288A00B47D4E /* Products */;
			projectDirPath = "";
			projectRoot = "";
			targets = (
				537123401683288A00B47D4E /* gspls */,
				53388A291690B0D500AF9E5E /* SparsePls */,
			);
		};
/* End PBXProject section */

/* Begin PBXSourcesBuildPhase section */
		53388A261690B0D500AF9E5E /* Sources */ = {
			isa = PBXSourcesBuildPhase;
			buildActionMask = 2147483647;
			files = (
				53388A351690B10000AF9E5E /* SLSparsePls.cpp in Sources */,
				53388A361690B10300AF9E5E /* SLGspan.cpp in Sources */,
				53B5D64E169730DD00AE0523 /* Graph.cpp in Sources */,
				53B5D651169731C900AE0523 /* Dfs.cpp in Sources */,
				53B5D655169733FC00AE0523 /* Utility.cpp in Sources */,
				53EDCB1316995691006170CE /* SparsePlsTest.cpp in Sources */,
			);
			runOnlyForDeploymentPostprocessing = 0;
		};
		5371233D1683288A00B47D4E /* Sources */ = {
			isa = PBXSourcesBuildPhase;
			buildActionMask = 2147483647;
			files = (
				53832811168D7E4E00E3B48F /* SLSparsePls.cpp in Sources */,
				53C09383168DBB5D00A0ADC1 /* SLGspan.cpp in Sources */,
				53B5D64D169730DD00AE0523 /* Graph.cpp in Sources */,
				53B5D650169731C900AE0523 /* Dfs.cpp in Sources */,
				53B5D654169733FC00AE0523 /* Utility.cpp in Sources */,
				53C09388168DDEA500A0ADC1 /* gspls.cpp in Sources */,
				53F3157016A4A7550056C3A9 /* Makefile in Sources */,
			);
			runOnlyForDeploymentPostprocessing = 0;
		};
/* End PBXSourcesBuildPhase section */

/* Begin XCBuildConfiguration section */
		53388A321690B0D500AF9E5E /* Debug */ = {
			isa = XCBuildConfiguration;
			buildSettings = {
				HEADER_SEARCH_PATHS = (
					/usr/local/include,
					/usr/local/include/eigen3,
				);
				PRODUCT_NAME = "$(TARGET_NAME)";
			};
			name = Debug;
		};
		53388A331690B0D500AF9E5E /* Release */ = {
			isa = XCBuildConfiguration;
			buildSettings = {
				HEADER_SEARCH_PATHS = (
					/usr/local/include,
					/usr/local/include/eigen3,
				);
				PRODUCT_NAME = "$(TARGET_NAME)";
			};
			name = Release;
		};
		537123491683288A00B47D4E /* Debug */ = {
			isa = XCBuildConfiguration;
			buildSettings = {
				ALWAYS_SEARCH_USER_PATHS = NO;
				ARCHS = "$(ARCHS_STANDARD_64_BIT)";
				CLANG_CXX_LANGUAGE_STANDARD = "gnu++0x";
				CLANG_CXX_LIBRARY = "libc++";
				CLANG_WARN_EMPTY_BODY = YES;
				CLANG_WARN__DUPLICATE_METHOD_MATCH = YES;
				COPY_PHASE_STRIP = NO;
				GCC_C_LANGUAGE_STANDARD = gnu99;
				GCC_DYNAMIC_NO_PIC = NO;
				GCC_ENABLE_OBJC_EXCEPTIONS = YES;
				GCC_OPTIMIZATION_LEVEL = 0;
				GCC_PREPROCESSOR_DEFINITIONS = (
					"DEBUG=1",
					"$(inherited)",
				);
				GCC_SYMBOLS_PRIVATE_EXTERN = NO;
				GCC_VERSION = com.apple.compilers.llvmgcc42;
				GCC_WARN_64_TO_32_BIT_CONVERSION = YES;
				GCC_WARN_ABOUT_RETURN_TYPE = YES;
				GCC_WARN_UNINITIALIZED_AUTOS = YES;
				GCC_WARN_UNUSED_VARIABLE = YES;
				MACOSX_DEPLOYMENT_TARGET = 10.8;
				ONLY_ACTIVE_ARCH = YES;
				SDKROOT = macosx;
			};
			name = Debug;
		};
		5371234A1683288A00B47D4E /* Release */ = {
			isa = XCBuildConfiguration;
			buildSettings = {
				ALWAYS_SEARCH_USER_PATHS = NO;
				ARCHS = "$(ARCHS_STANDARD_64_BIT)";
				CLANG_CXX_LANGUAGE_STANDARD = "gnu++0x";
				CLANG_CXX_LIBRARY = "libc++";
				CLANG_WARN_EMPTY_BODY = YES;
				CLANG_WARN__DUPLICATE_METHOD_MATCH = YES;
				COPY_PHASE_STRIP = YES;
				DEBUG_INFORMATION_FORMAT = "dwarf-with-dsym";
				GCC_C_LANGUAGE_STANDARD = gnu99;
				GCC_ENABLE_OBJC_EXCEPTIONS = YES;
				GCC_OPTIMIZATION_LEVEL = 3;
				GCC_VERSION = com.apple.compilers.llvmgcc42;
				GCC_WARN_64_TO_32_BIT_CONVERSION = YES;
				GCC_WARN_ABOUT_RETURN_TYPE = YES;
				GCC_WARN_UNINITIALIZED_AUTOS = YES;
				GCC_WARN_UNUSED_VARIABLE = YES;
				MACOSX_DEPLOYMENT_TARGET = 10.8;
				SDKROOT = macosx;
			};
			name = Release;
		};
		5371234C1683288A00B47D4E /* Debug */ = {
			isa = XCBuildConfiguration;
			buildSettings = {
				HEADER_SEARCH_PATHS = (
					/usr/local/include,
					/usr/local/include/eigen3,
				);
				PRODUCT_NAME = "$(TARGET_NAME)";
			};
			name = Debug;
		};
		5371234D1683288A00B47D4E /* Release */ = {
			isa = XCBuildConfiguration;
			buildSettings = {
				HEADER_SEARCH_PATHS = (
					/usr/local/include,
					/usr/local/include/eigen3,
				);
				PRODUCT_NAME = "$(TARGET_NAME)";
			};
			name = Release;
		};
/* End XCBuildConfiguration section */

/* Begin XCConfigurationList section */
		53388A311690B0D500AF9E5E /* Build configuration list for PBXNativeTarget "SparsePls" */ = {
			isa = XCConfigurationList;
			buildConfigurations = (
				53388A321690B0D500AF9E5E /* Debug */,
				53388A331690B0D500AF9E5E /* Release */,
			);
			defaultConfigurationIsVisible = 0;
			defaultConfigurationName = Release;
		};
		5371233B1683288A00B47D4E /* Build configuration list for PBXProject "GLP" */ = {
			isa = XCConfigurationList;
			buildConfigurations = (
				537123491683288A00B47D4E /* Debug */,
				5371234A1683288A00B47D4E /* Release */,
			);
			defaultConfigurationIsVisible = 0;
			defaultConfigurationName = Release;
		};
		5371234B1683288A00B47D4E /* Build configuration list for PBXNativeTarget "gspls" */ = {
			isa = XCConfigurationList;
			buildConfigurations = (
				5371234C1683288A00B47D4E /* Debug */,
				5371234D1683288A00B47D4E /* Release */,
			);
			defaultConfigurationIsVisible = 0;
			defaultConfigurationName = Release;
		};
/* End XCConfigurationList section */
	};
	rootObject = 537123381683288A00B47D4E /* Project object */;
}
